{
  "name": "ajs-3.1",
  "version": "1.0.0",
  "lockfileVersion": 2,
  "requires": true,
  "packages": {
    "": {
      "name": "ajs-3.1",
      "version": "1.0.0",
      "license": "ISC",
      "dependencies": {
        "@bugagi67/ajs-3": "^1.0.0"
      }
    },
    "node_modules/@bugagi67/ajs-3": {
      "version": "1.0.0",
      "resolved": "https://npm.pkg.github.com/download/@bugagi67/ajs-3/1.0.0/bb694d744a4778c1319976cd8c5b9142b626cf81",
      "integrity": "sha512-XPbgI2wqcoIDXsNOTDbAVEQa+H0oXw5DXAZ47/KoQBt4PvV0FPp/i6hT0aVEoYPZkuiY7cqP4Hv4J8bXFuj7zw==",
      "license": "ISC"
    }
  },
  "dependencies": {
    "@bugagi67/ajs-3": {
      "version": "1.0.0",
      "resolved": "https://npm.pkg.github.com/download/@bugagi67/ajs-3/1.0.0/bb694d744a4778c1319976cd8c5b9142b626cf81",
      "integrity": "sha512-XPbgI2wqcoIDXsNOTDbAVEQa+H0oXw5DXAZ47/KoQBt4PvV0FPp/i6hT0aVEoYPZkuiY7cqP4Hv4J8bXFuj7zw=="
    }
  }
}
